
Microsoft Visual Studio Solution File, Format Version 12.00
# Visual Studio 15
VisualStudioVersion = 15.0.27428.2015
MinimumVisualStudioVersion = 10.0.40219.1
Project("{FAE04EC0-301F-11D3-BF4B-00C04F79EFBC}") = "FrankenApp", "FrankenApp\FrankenApp.csproj", "{434535B7-39C0-4E42-8B60-72AA35C8C85C}"
EndProject
Project("{FAE04EC0-301F-11D3-BF4B-00C04F79EFBC}") = "FrankenApp.Tests", "FrankenApp.Tests\FrankenApp.Tests.csproj", "{53E5C3FB-E59E-4532-AE66-7E7FA71FBC9E}"
EndProject
Global
	GlobalSection(SolutionConfigurationPlatforms) = preSolution
		Debug|Any CPU = Debug|Any CPU
		Release|Any CPU = Release|Any CPU
	EndGlobalSection
	GlobalSection(ProjectConfigurationPlatforms) = postSolution
		{434535B7-39C0-4E42-8B60-72AA35C8C85C}.Debug|Any CPU.ActiveCfg = Debug|Any CPU
		{434535B7-39C0-4E42-8B60-72AA35C8C85C}.Debug|Any CPU.Build.0 = Debug|Any CPU
		{434535B7-39C0-4E42-8B60-72AA35C8C85C}.Release|Any CPU.ActiveCfg = Release|Any CPU
		{434535B7-39C0-4E42-8B60-72AA35C8C85C}.Release|Any CPU.Build.0 = Release|Any CPU
		{53E5C3FB-E59E-4532-AE66-7E7FA71FBC9E}.Debug|Any CPU.ActiveCfg = Debug|Any CPU
		{53E5C3FB-E59E-4532-AE66-7E7FA71FBC9E}.Debug|Any CPU.Build.0 = Debug|Any CPU
		{53E5C3FB-E59E-4532-AE66-7E7FA71FBC9E}.Release|Any CPU.ActiveCfg = Release|Any CPU
		{53E5C3FB-E59E-4532-AE66-7E7FA71FBC9E}.Release|Any CPU.Build.0 = Release|Any CPU
	EndGlobalSection
	GlobalSection(SolutionProperties) = preSolution
		HideSolutionNode = FALSE
	EndGlobalSection
	GlobalSection(ExtensibilityGlobals) = postSolution
		SolutionGuid = {B7C43DE2-194A-476E-A030-956FDFD442B9}
	EndGlobalSection
EndGlobal
